# This file is automatically @generated by Cargo.
# It is not intended for manual editing.
version = 4

[[package]]
name = "ical-conform"
version = "0.0.0"
dependencies = [
 "ical-core",
 "ical-recur",
 "ical-tz",
]

[[package]]
name = "ical-core"
version = "0.0.0"
dependencies = [
 "ical-grammar",
]

[[package]]
name = "ical-dav"
version = "0.0.0"

[[package]]
name = "ical-grammar"
version = "0.0.0"

[[package]]
name = "ical-itip"
version = "0.0.0"

[[package]]
name = "ical-recur"
version = "0.0.0"
dependencies = [
 "ical-core",
]

[[package]]
name = "ical-tz"
version = "0.0.0"
dependencies = [
 "ical-core",
]

[[package]]
name = "xtask"
version = "0.0.0"
