# This file is automatically @generated by Cargo.
# It is not intended for manual editing.
version = 4

[[package]]
name = "ical-conform"
version = "0.0.0"

[[package]]
name = "ical-core"
version = "0.0.0"

[[package]]
name = "ical-dav"
version = "0.0.0"

[[package]]
name = "ical-itip"
version = "0.0.0"

[[package]]
name = "ical-recur"
version = "0.0.0"

[[package]]
name = "ical-tz"
version = "0.0.0"

[[package]]
name = "xtask"
version = "0.0.0"
